Microsoft Visual Studio Solution File, Format Version 12.00
# Visual Studio Version 17
VisualStudioVersion = 17.13.35919.96 d17.13
MinimumVisualStudioVersion = 10.0.40219.1
Project("{FAE04EC0-301F-11D3-BF4B-00C04F79EFBC}") = "BlazorAspireAzuriteAzureQueues.AppHost", "BlazorAspireAzuriteAzureQueues.AppHost\BlazorAspireAzuriteAzureQueues.AppHost.csproj", "{11B70100-EA08-4A82-BEDB-0F281B7CF188}"
EndProject
Project("{FAE04EC0-301F-11D3-BF4B-00C04F79EFBC}") = "BlazorAspireAzuriteAzureQueues.ServiceDefaults", "BlazorAspireAzuriteAzureQueues.ServiceDefaults\BlazorAspireAzuriteAzureQueues.ServiceDefaults.csproj", "{9D943AD0-DD60-E902-31D0-C002E1F7C43E}"
EndProject
Project("{FAE04EC0-301F-11D3-BF4B-00C04F79EFBC}") = "BlazorAspireAzuriteAzureQueues.Web", "BlazorAspireAzuriteAzureQueues.Web\BlazorAspireAzuriteAzureQueues.Web.csproj", "{6E16CDA7-CE3E-9FF0-BF5D-F2C257E2D2FD}"
EndProject
Global
	GlobalSection(SolutionConfigurationPlatforms) = preSolution
		Debug|Any CPU = Debug|Any CPU
		Release|Any CPU = Release|Any CPU
	EndGlobalSection
	GlobalSection(ProjectConfigurationPlatforms) = postSolution
		{11B70100-EA08-4A82-BEDB-0F281B7CF188}.Debug|Any CPU.ActiveCfg = Debug|Any CPU
		{11B70100-EA08-4A82-BEDB-0F281B7CF188}.Debug|Any CPU.Build.0 = Debug|Any CPU
		{11B70100-EA08-4A82-BEDB-0F281B7CF188}.Release|Any CPU.ActiveCfg = Release|Any CPU
		{11B70100-EA08-4A82-BEDB-0F281B7CF188}.Release|Any CPU.Build.0 = Release|Any CPU
		{9D943AD0-DD60-E902-31D0-C002E1F7C43E}.Debug|Any CPU.ActiveCfg = Debug|Any CPU
		{9D943AD0-DD60-E902-31D0-C002E1F7C43E}.Debug|Any CPU.Build.0 = Debug|Any CPU
		{9D943AD0-DD60-E902-31D0-C002E1F7C43E}.Release|Any CPU.ActiveCfg = Release|Any CPU
		{9D943AD0-DD60-E902-31D0-C002E1F7C43E}.Release|Any CPU.Build.0 = Release|Any CPU
		{6E16CDA7-CE3E-9FF0-BF5D-F2C257E2D2FD}.Debug|Any CPU.ActiveCfg = Debug|Any CPU
		{6E16CDA7-CE3E-9FF0-BF5D-F2C257E2D2FD}.Debug|Any CPU.Build.0 = Debug|Any CPU
		{6E16CDA7-CE3E-9FF0-BF5D-F2C257E2D2FD}.Release|Any CPU.ActiveCfg = Release|Any CPU
		{6E16CDA7-CE3E-9FF0-BF5D-F2C257E2D2FD}.Release|Any CPU.Build.0 = Release|Any CPU
	EndGlobalSection
	GlobalSection(SolutionProperties) = preSolution
		HideSolutionNode = FALSE
	EndGlobalSection
	GlobalSection(ExtensibilityGlobals) = postSolution
		SolutionGuid = {D101AF6F-6601-4618-A1F7-192876ECADA7}
	EndGlobalSection
EndGlobal
